
Microsoft Visual Studio Solution File, Format Version 12.00
# Visual Studio Version 17
VisualStudioVersion = 17.6.33815.320
MinimumVisualStudioVersion = 10.0.40219.1
Project("{FAE04EC0-301F-11D3-BF4B-00C04F79EFBC}") = "Expected", "Expected\Expected.csproj", "{804B3F6C-4B1C-455E-8B7B-E23E91B800D0}"
EndProject
Project("{FAE04EC0-301F-11D3-BF4B-00C04F79EFBC}") = "ExpectedLib", "ExpectedLib\ExpectedLib.csproj", "{416A1631-22BE-45B4-B9F1-BF8976A4FAB8}"
EndProject
Project("{FAE04EC0-301F-11D3-BF4B-00C04F79EFBC}") = "ExpectedTest", "ExpectedTest\ExpectedTest.csproj", "{B27A1DF6-1ED6-45CE-94D1-9D7E5063FA47}"
EndProject
Global
	GlobalSection(SolutionConfigurationPlatforms) = preSolution
		Debug|Any CPU = Debug|Any CPU
		Release|Any CPU = Release|Any CPU
	EndGlobalSection
	GlobalSection(ProjectConfigurationPlatforms) = postSolution
		{804B3F6C-4B1C-455E-8B7B-E23E91B800D0}.Debug|Any CPU.ActiveCfg = Debug|Any CPU
		{804B3F6C-4B1C-455E-8B7B-E23E91B800D0}.Debug|Any CPU.Build.0 = Debug|Any CPU
		{804B3F6C-4B1C-455E-8B7B-E23E91B800D0}.Release|Any CPU.ActiveCfg = Release|Any CPU
		{804B3F6C-4B1C-455E-8B7B-E23E91B800D0}.Release|Any CPU.Build.0 = Release|Any CPU
		{416A1631-22BE-45B4-B9F1-BF8976A4FAB8}.Debug|Any CPU.ActiveCfg = Debug|Any CPU
		{416A1631-22BE-45B4-B9F1-BF8976A4FAB8}.Debug|Any CPU.Build.0 = Debug|Any CPU
		{416A1631-22BE-45B4-B9F1-BF8976A4FAB8}.Release|Any CPU.ActiveCfg = Release|Any CPU
		{416A1631-22BE-45B4-B9F1-BF8976A4FAB8}.Release|Any CPU.Build.0 = Release|Any CPU
		{B27A1DF6-1ED6-45CE-94D1-9D7E5063FA47}.Debug|Any CPU.ActiveCfg = Debug|Any CPU
		{B27A1DF6-1ED6-45CE-94D1-9D7E5063FA47}.Debug|Any CPU.Build.0 = Debug|Any CPU
		{B27A1DF6-1ED6-45CE-94D1-9D7E5063FA47}.Release|Any CPU.ActiveCfg = Release|Any CPU
		{B27A1DF6-1ED6-45CE-94D1-9D7E5063FA47}.Release|Any CPU.Build.0 = Release|Any CPU
	EndGlobalSection
	GlobalSection(SolutionProperties) = preSolution
		HideSolutionNode = FALSE
	EndGlobalSection
	GlobalSection(ExtensibilityGlobals) = postSolution
		SolutionGuid = {1E999CD2-A112-4F73-B221-03547331B1CA}
	EndGlobalSection
EndGlobal
